
Microsoft Visual Studio Solution File, Format Version 12.00
# Visual Studio 2013
VisualStudioVersion = 12.0.31101.0
MinimumVisualStudioVersion = 10.0.40219.1
Project("{FAE04EC0-301F-11D3-BF4B-00C04F79EFBC}") = "01.SchoolClasses", "01.SchoolClasses\01.SchoolClasses.csproj", "{B50AB941-F600-4381-BA61-D8124EB014BC}"
EndProject
Project("{FAE04EC0-301F-11D3-BF4B-00C04F79EFBC}") = "01.TestSchool", "TestSchool\01.TestSchool.csproj", "{F24CA457-B6E9-4E67-B93D-AA7E36E04975}"
EndProject
Project("{FAE04EC0-301F-11D3-BF4B-00C04F79EFBC}") = "02.StudentsAndWorkers", "02.StudentsAndWorkers\02.StudentsAndWorkers.csproj", "{A56190D4-C7F0-4B14-9799-E17FA0D6FAAA}"
EndProject
Project("{FAE04EC0-301F-11D3-BF4B-00C04F79EFBC}") = "02.StudentsAndWorkersTest", "02.StudentsAndWorkersTest\02.StudentsAndWorkersTest.csproj", "{C9D78538-E0CF-4927-9D4B-276DB29446F0}"
EndProject
Project("{FAE04EC0-301F-11D3-BF4B-00C04F79EFBC}") = "03.AnimalHierarchy", "03.AnimalHierarchy\03.AnimalHierarchy.csproj", "{4722119B-E6F5-4E16-8E4D-ED5C5037B3FA}"
EndProject
Project("{FAE04EC0-301F-11D3-BF4B-00C04F79EFBC}") = "03.AnimalHierarchyTest", "03.AnimalHierarchyTest\03.AnimalHierarchyTest.csproj", "{35226F3D-820A-4CB9-BB3B-89164B6509A0}"
EndProject
Global
	GlobalSection(SolutionConfigurationPlatforms) = preSolution
		Debug|Any CPU = Debug|Any CPU
		Release|Any CPU = Release|Any CPU
	EndGlobalSection
	GlobalSection(ProjectConfigurationPlatforms) = postSolution
		{B50AB941-F600-4381-BA61-D8124EB014BC}.Debug|Any CPU.ActiveCfg = Debug|Any CPU
		{B50AB941-F600-4381-BA61-D8124EB014BC}.Debug|Any CPU.Build.0 = Debug|Any CPU
		{B50AB941-F600-4381-BA61-D8124EB014BC}.Release|Any CPU.ActiveCfg = Release|Any CPU
		{B50AB941-F600-4381-BA61-D8124EB014BC}.Release|Any CPU.Build.0 = Release|Any CPU
		{F24CA457-B6E9-4E67-B93D-AA7E36E04975}.Debug|Any CPU.ActiveCfg = Debug|Any CPU
		{F24CA457-B6E9-4E67-B93D-AA7E36E04975}.Debug|Any CPU.Build.0 = Debug|Any CPU
		{F24CA457-B6E9-4E67-B93D-AA7E36E04975}.Release|Any CPU.ActiveCfg = Release|Any CPU
		{F24CA457-B6E9-4E67-B93D-AA7E36E04975}.Release|Any CPU.Build.0 = Release|Any CPU
		{A56190D4-C7F0-4B14-9799-E17FA0D6FAAA}.Debug|Any CPU.ActiveCfg = Debug|Any CPU
		{A56190D4-C7F0-4B14-9799-E17FA0D6FAAA}.Debug|Any CPU.Build.0 = Debug|Any CPU
		{A56190D4-C7F0-4B14-9799-E17FA0D6FAAA}.Release|Any CPU.ActiveCfg = Release|Any CPU
		{A56190D4-C7F0-4B14-9799-E17FA0D6FAAA}.Release|Any CPU.Build.0 = Release|Any CPU
		{C9D78538-E0CF-4927-9D4B-276DB29446F0}.Debug|Any CPU.ActiveCfg = Debug|Any CPU
		{C9D78538-E0CF-4927-9D4B-276DB29446F0}.Debug|Any CPU.Build.0 = Debug|Any CPU
		{C9D78538-E0CF-4927-9D4B-276DB29446F0}.Release|Any CPU.ActiveCfg = Release|Any CPU
		{C9D78538-E0CF-4927-9D4B-276DB29446F0}.Release|Any CPU.Build.0 = Release|Any CPU
		{4722119B-E6F5-4E16-8E4D-ED5C5037B3FA}.Debug|Any CPU.ActiveCfg = Debug|Any CPU
		{4722119B-E6F5-4E16-8E4D-ED5C5037B3FA}.Debug|Any CPU.Build.0 = Debug|Any CPU
		{4722119B-E6F5-4E16-8E4D-ED5C5037B3FA}.Release|Any CPU.ActiveCfg = Release|Any CPU
		{4722119B-E6F5-4E16-8E4D-ED5C5037B3FA}.Release|Any CPU.Build.0 = Release|Any CPU
		{35226F3D-820A-4CB9-BB3B-89164B6509A0}.Debug|Any CPU.ActiveCfg = Debug|Any CPU
		{35226F3D-820A-4CB9-BB3B-89164B6509A0}.Debug|Any CPU.Build.0 = Debug|Any CPU
		{35226F3D-820A-4CB9-BB3B-89164B6509A0}.Release|Any CPU.ActiveCfg = Release|Any CPU
		{35226F3D-820A-4CB9-BB3B-89164B6509A0}.Release|Any CPU.Build.0 = Release|Any CPU
	EndGlobalSection
	GlobalSection(SolutionProperties) = preSolution
		HideSolutionNode = FALSE
	EndGlobalSection
EndGlobal
